
Microsoft Visual Studio Solution File, Format Version 12.00
# Visual Studio Version 16
VisualStudioVersion = 16.0.29215.179
MinimumVisualStudioVersion = 10.0.40219.1
Project("{FAE04EC0-301F-11D3-BF4B-00C04F79EFBC}") = "leadsquare", "leadsquare\leadsquare.csproj", "{D367502D-AACD-4A33-B006-052853F3916A}"
EndProject
Global
	GlobalSection(SolutionConfigurationPlatforms) = preSolution
		Debug|Any CPU = Debug|Any CPU
		Release|Any CPU = Release|Any CPU
	EndGlobalSection
	GlobalSection(ProjectConfigurationPlatforms) = postSolution
		{D367502D-AACD-4A33-B006-052853F3916A}.Debug|Any CPU.ActiveCfg = Debug|Any CPU
		{D367502D-AACD-4A33-B006-052853F3916A}.Debug|Any CPU.Build.0 = Debug|Any CPU
		{D367502D-AACD-4A33-B006-052853F3916A}.Release|Any CPU.ActiveCfg = Release|Any CPU
		{D367502D-AACD-4A33-B006-052853F3916A}.Release|Any CPU.Build.0 = Release|Any CPU
	EndGlobalSection
	GlobalSection(SolutionProperties) = preSolution
		HideSolutionNode = FALSE
	EndGlobalSection
	GlobalSection(ExtensibilityGlobals) = postSolution
		SolutionGuid = {69C24B25-6A66-419B-8AA7-0652AA6484FD}
	EndGlobalSection
EndGlobal
